Microsoft Visual Studio Solution File, Format Version 11.00
# Visual Studio 2008

Project("{1E5B6796-C108-D165-5F9E-8F2CBF98A82D}") = "Diffuze_Mrk2", "Assembly-CSharp-firstpass.csproj", "{839F2033-662F-4CAC-A694-3D43E36C2F44}"
EndProject
Project("{1E5B6796-C108-D165-5F9E-8F2CBF98A82D}") = "Diffuze_Mrk2", "Assembly-CSharp.csproj", "{95CFF6B9-C1BF-A626-5CC8-220DF477DF4B}"
EndProject
Project("{1E5B6796-C108-D165-5F9E-8F2CBF98A82D}") = "Diffuze_Mrk2", "Assembly-CSharp-Editor.csproj", "{B62E4BC3-7AB6-3390-73F5-530247573D5B}"
EndProject
Global
	GlobalSection(SolutionConfigurationPlatforms) = preSolution
		Debug|Any CPU = Debug|Any CPU
		Release|Any CPU = Release|Any CPU
	EndGlobalSection
	GlobalSection(ProjectConfigurationPlatforms) = postSolution
		{839F2033-662F-4CAC-A694-3D43E36C2F44}.Debug|Any CPU.ActiveCfg = Debug|Any CPU
		{839F2033-662F-4CAC-A694-3D43E36C2F44}.Debug|Any CPU.Build.0 = Debug|Any CPU
		{839F2033-662F-4CAC-A694-3D43E36C2F44}.Release|Any CPU.ActiveCfg = Release|Any CPU
		{839F2033-662F-4CAC-A694-3D43E36C2F44}.Release|Any CPU.Build.0 = Release|Any CPU
		{95CFF6B9-C1BF-A626-5CC8-220DF477DF4B}.Debug|Any CPU.ActiveCfg = Debug|Any CPU
		{95CFF6B9-C1BF-A626-5CC8-220DF477DF4B}.Debug|Any CPU.Build.0 = Debug|Any CPU
		{95CFF6B9-C1BF-A626-5CC8-220DF477DF4B}.Release|Any CPU.ActiveCfg = Release|Any CPU
		{95CFF6B9-C1BF-A626-5CC8-220DF477DF4B}.Release|Any CPU.Build.0 = Release|Any CPU
		{B62E4BC3-7AB6-3390-73F5-530247573D5B}.Debug|Any CPU.ActiveCfg = Debug|Any CPU
		{B62E4BC3-7AB6-3390-73F5-530247573D5B}.Debug|Any CPU.Build.0 = Debug|Any CPU
		{B62E4BC3-7AB6-3390-73F5-530247573D5B}.Release|Any CPU.ActiveCfg = Release|Any CPU
		{B62E4BC3-7AB6-3390-73F5-530247573D5B}.Release|Any CPU.Build.0 = Release|Any CPU
	EndGlobalSection
	GlobalSection(SolutionProperties) = preSolution
		HideSolutionNode = FALSE
	EndGlobalSection
							GlobalSection(MonoDevelopProperties) = preSolution
		StartupItem = Assembly-CSharp.csproj
		Policies = $0
		$0.TextStylePolicy = $1
		$1.inheritsSet = null
		$1.scope = text/x-csharp
		$0.CSharpFormattingPolicy = $2
		$2.inheritsSet = Mono
		$2.inheritsScope = text/x-csharp
		$2.scope = text/x-csharp
		$0.TextStylePolicy = $3
		$3.FileWidth = 120
		$3.TabWidth = 4
		$3.IndentWidth = 4
		$3.EolMarker = Unix
		$3.inheritsSet = Mono
		$3.inheritsScope = text/plain
		$3.scope = text/plain
	EndGlobalSection

EndGlobal
